// !$*UTF8*$!
{
	archiveVersion = 1;
	classes = {
	};
	objectVersion = 51;
	objects = {

/* Begin PBXBuildFile section */
		CE08BA0E24327266003A02FD /* GoogleService-Info.plist in Resources */ = {isa = PBXBuildFile; fileRef = CE08BA0D24327266003A02FD /* GoogleService-Info.plist */; };
		CE08BA102432771A003A02FD /* applogotransparent2.png in Resources */ = {isa = PBXBuildFile; fileRef = CE08BA0F2432771A003A02FD /* applogotransparent2.png */; };
		CE08BA1424328A50003A02FD /* LoginViewController.swift in Sources */ = {isa = PBXBuildFile; fileRef = CE08BA1324328A50003A02FD /* LoginViewController.swift */; };
		CE08BA1624328F97003A02FD /* LocalAuthentication.framework in Frameworks */ = {isa = PBXBuildFile; fileRef = CE08BA1524328F97003A02FD /* LocalAuthentication.framework */; };
		CE08BA1824397012003A02FD /* adminWebViewController.swift in Sources */ = {isa = PBXBuildFile; fileRef = CE08BA1724397012003A02FD /* adminWebViewController.swift */; };
		CE08BA1A243982F7003A02FD /* welcomeViewController.swift in Sources */ = {isa = PBXBuildFile; fileRef = CE08BA19243982F7003A02FD /* welcomeViewController.swift */; };
		CE41D573242E64D0006FEBF1 /* headerlogotransparent.png in Resources */ = {isa = PBXBuildFile; fileRef = CE41D572242E64D0006FEBF1 /* headerlogotransparent.png */; };
		CE5B0EF6244969F200908148 /* applogopic.png in Resources */ = {isa = PBXBuildFile; fileRef = CE5B0EF5244969F200908148 /* applogopic.png */; };
		CE5B0EF8244A452900908148 /* applogotransparent.png in Resources */ = {isa = PBXBuildFile; fileRef = CE5B0EF7244A452900908148 /* applogotransparent.png */; };
		CE7E3466243A6F75002F33D6 /* videoPlayerViewController.swift in Sources */ = {isa = PBXBuildFile; fileRef = CE7E3465243A6F75002F33D6 /* videoPlayerViewController.swift */; };
		CE7E346A244792CF002F33D6 /* updatedpromovideol$.mov in Resources */ = {isa = PBXBuildFile; fileRef = CE7E3469244792CE002F33D6 /* updatedpromovideol$.mov */; };
		CEAF376823E291B800E3C238 /* AppDelegate.swift in Sources */ = {isa = PBXBuildFile; fileRef = CEAF376723E291B800E3C238 /* AppDelegate.swift */; };
		CEAF376A23E291B800E3C238 /* SceneDelegate.swift in Sources */ = {isa = PBXBuildFile; fileRef = CEAF376923E291B800E3C238 /* SceneDelegate.swift */; };
		CEAF376C23E291B800E3C238 /* ViewController.swift in Sources */ = {isa = PBXBuildFile; fileRef = CEAF376B23E291B800E3C238 /* ViewController.swift */; };
		CEAF376F23E291B800E3C238 /* Main.storyboard in Resources */ = {isa = PBXBuildFile; fileRef = CEAF376D23E291B800E3C238 /* Main.storyboard */; };
		CEAF377123E291BA00E3C238 /* Assets.xcassets in Resources */ = {isa = PBXBuildFile; fileRef = CEAF377023E291BA00E3C238 /* Assets.xcassets */; };
		CEAF377423E291BA00E3C238 /* LaunchScreen.storyboard in Resources */ = {isa = PBXBuildFile; fileRef = CEAF377223E291BA00E3C238 /* LaunchScreen.storyboard */; };
		CEAF377F23E291BB00E3C238 /* lowkeysavage2Tests.swift in Sources */ = {isa = PBXBuildFile; fileRef = CEAF377E23E291BB00E3C238 /* lowkeysavage2Tests.swift */; };
		CEAF378A23E291BB00E3C238 /* lowkeysavage2UITests.swift in Sources */ = {isa = PBXBuildFile; fileRef = CEAF378923E291BB00E3C238 /* lowkeysavage2UITests.swift */; };
		CEAF379A23E29EDC00E3C238 /* TabBarController.swift in Sources */ = {isa = PBXBuildFile; fileRef = CEAF379923E29EDC00E3C238 /* TabBarController.swift */; };
		CED395C3242130B1004856A0 /* ARViewController.swift in Sources */ = {isa = PBXBuildFile; fileRef = CED395C2242130B1004856A0 /* ARViewController.swift */; };
		CEFFB8ED4727A5125C0CA707 /* Pods_lowkeysavage2.framework in Frameworks */ = {isa = PBXBuildFile; fileRef = AF531710321A20FC2045E414 /* Pods_lowkeysavage2.framework */; };
/* End PBXBuildFile section */

/* Begin PBXContainerItemProxy section */
		CEAF377B23E291BB00E3C238 /* PBXContainerItemProxy */ = {
			isa = PBXContainerItemProxy;
			containerPortal = CEAF375C23E291B800E3C238 /* Project object */;
			proxyType = 1;
			remoteGlobalIDString = CEAF376323E291B800E3C238;
			remoteInfo = lowkeysavage2;
		};
		CEAF378623E291BB00E3C238 /* PBXContainerItemProxy */ = {
			isa = PBXContainerItemProxy;
			containerPortal = CEAF375C23E291B800E3C238 /* Project object */;
			proxyType = 1;
			remoteGlobalIDString = CEAF376323E291B800E3C238;
			remoteInfo = lowkeysavage2;
		};
/* End PBXContainerItemProxy section */

/* Begin PBXFileReference section */
		15415150EDC9F33E5AA0CDD5 /* Pods-lowkeysavage2.debug.xcconfig */ = {isa = PBXFileReference; includeInIndex = 1; lastKnownFileType = text.xcconfig; name = "Pods-lowkeysavage2.debug.xcconfig"; path = "Target Support Files/Pods-lowkeysavage2/Pods-lowkeysavage2.debug.xcconfig"; sourceTree = "<group>"; };
		28154212E198E7319131E9B8 /* Pods-lowkeysavage2.release.xcconfig */ = {isa = PBXFileReference; includeInIndex = 1; lastKnownFileType = text.xcconfig; name = "Pods-lowkeysavage2.release.xcconfig"; path = "Target Support Files/Pods-lowkeysavage2/Pods-lowkeysavage2.release.xcconfig"; sourceTree = "<group>"; };
		AF531710321A20FC2045E414 /* Pods_lowkeysavage2.framework */ = {isa = PBXFileReference; explicitFileType = wrapper.framework; includeInIndex = 0; path = Pods_lowkeysavage2.framework; sourceTree = BUILT_PRODUCTS_DIR; };
		CE08BA0D24327266003A02FD /* GoogleService-Info.plist */ = {isa = PBXFileReference; fileEncoding = 4; lastKnownFileType = text.plist.xml; path = "GoogleService-Info.plist"; sourceTree = "<group>"; };
		CE08BA0F2432771A003A02FD /* applogotransparent2.png */ = {isa = PBXFileReference; lastKnownFileType = image.png; path = applogotransparent2.png; sourceTree = "<group>"; };
		CE08BA1324328A50003A02FD /* LoginViewController.swift */ = {isa = PBXFileReference; lastKnownFileType = sourcecode.swift; path = LoginViewController.swift; sourceTree = "<group>"; };
		CE08BA1524328F97003A02FD /* LocalAuthentication.framework */ = {isa = PBXFileReference; lastKnownFileType = wrapper.framework; name = LocalAuthentication.framework; path = System/Library/Frameworks/LocalAuthentication.framework; sourceTree = SDKROOT; };
		CE08BA1724397012003A02FD /* adminWebViewController.swift */ = {isa = PBXFileReference; lastKnownFileType = sourcecode.swift; path = adminWebViewController.swift; sourceTree = "<group>"; };
		CE08BA19243982F7003A02FD /* welcomeViewController.swift */ = {isa = PBXFileReference; lastKnownFileType = sourcecode.swift; path = welcomeViewController.swift; sourceTree = "<group>"; };
		CE41D572242E64D0006FEBF1 /* headerlogotransparent.png */ = {isa = PBXFileReference; lastKnownFileType = image.png; path = headerlogotransparent.png; sourceTree = "<group>"; };
		CE5B0EF5244969F200908148 /* applogopic.png */ = {isa = PBXFileReference; lastKnownFileType = image.png; name = applogopic.png; path = ../../../applogopic.png; sourceTree = "<group>"; };
		CE5B0EF7244A452900908148 /* applogotransparent.png */ = {isa = PBXFileReference; lastKnownFileType = image.png; name = applogotransparent.png; path = ../../../applogotransparent.png; sourceTree = "<group>"; };
		CE7E3465243A6F75002F33D6 /* videoPlayerViewController.swift */ = {isa = PBXFileReference; lastKnownFileType = sourcecode.swift; path = videoPlayerViewController.swift; sourceTree = "<group>"; };
		CE7E3469244792CE002F33D6 /* updatedpromovideol$.mov */ = {isa = PBXFileReference; lastKnownFileType = video.quicktime; name = updatedpromovideol$.mov; path = ../../../updatedpromovideol$.mov; sourceTree = "<group>"; };
		CEAF376423E291B800E3C238 /* l0wkey savage.app */ = {isa = PBXFileReference; explicitFileType = wrapper.application; includeInIndex = 0; path = "l0wkey savage.app"; sourceTree = BUILT_PRODUCTS_DIR; };
		CEAF376723E291B800E3C238 /* AppDelegate.swift */ = {isa = PBXFileReference; lastKnownFileType = sourcecode.swift; path = AppDelegate.swift; sourceTree = "<group>"; };
		CEAF376923E291B800E3C238 /* SceneDelegate.swift */ = {isa = PBXFileReference; lastKnownFileType = sourcecode.swift; path = SceneDelegate.swift; sourceTree = "<group>"; };
		CEAF376B23E291B800E3C238 /* ViewController.swift */ = {isa = PBXFileReference; lastKnownFileType = sourcecode.swift; path = ViewController.swift; sourceTree = "<group>"; };
		CEAF376E23E291B800E3C238 /* Base */ = {isa = PBXFileReference; lastKnownFileType = file.storyboard; name = Base; path = Base.lproj/Main.storyboard; sourceTree = "<group>"; };
		CEAF377023E291BA00E3C238 /* Assets.xcassets */ = {isa = PBXFileReference; lastKnownFileType = folder.assetcatalog; path = Assets.xcassets; sourceTree = "<group>"; };
		CEAF377323E291BA00E3C238 /* Base */ = {isa = PBXFileReference; lastKnownFileType = file.storyboard; name = Base; path = Base.lproj/LaunchScreen.storyboard; sourceTree = "<group>"; };
		CEAF377523E291BA00E3C238 /* Info.plist */ = {isa = PBXFileReference; lastKnownFileType = text.plist.xml; path = Info.plist; sourceTree = "<group>"; };
		CEAF377A23E291BB00E3C238 /* lowkeysavage2Tests.xctest */ = {isa = PBXFileReference; explicitFileType = wrapper.cfbundle; includeInIndex = 0; path = lowkeysavage2Tests.xctest; sourceTree = BUILT_PRODUCTS_DIR; };
		CEAF377E23E291BB00E3C238 /* lowkeysavage2Tests.swift */ = {isa = PBXFileReference; lastKnownFileType = sourcecode.swift; path = lowkeysavage2Tests.swift; sourceTree = "<group>"; };
		CEAF378023E291BB00E3C238 /* Info.plist */ = {isa = PBXFileReference; lastKnownFileType = text.plist.xml; path = Info.plist; sourceTree = "<group>"; };
		CEAF378523E291BB00E3C238 /* lowkeysavage2UITests.xctest */ = {isa = PBXFileReference; explicitFileType = wrapper.cfbundle; includeInIndex = 0; path = lowkeysavage2UITests.xctest; sourceTree = BUILT_PRODUCTS_DIR; };
		CEAF378923E291BB00E3C238 /* lowkeysavage2UITests.swift */ = {isa = PBXFileReference; lastKnownFileType = sourcecode.swift; path = lowkeysavage2UITests.swift; sourceTree = "<group>"; };
		CEAF378B23E291BB00E3C238 /* Info.plist */ = {isa = PBXFileReference; lastKnownFileType = text.plist.xml; path = Info.plist; sourceTree = "<group>"; };
		CEAF379923E29EDC00E3C238 /* TabBarController.swift */ = {isa = PBXFileReference; lastKnownFileType = sourcecode.swift; path = TabBarController.swift; sourceTree = "<group>"; };
		CED395C2242130B1004856A0 /* ARViewController.swift */ = {isa = PBXFileReference; lastKnownFileType = sourcecode.swift; path = ARViewController.swift; sourceTree = "<group>"; };
/* End PBXFileReference section */

/* Begin PBXFrameworksBuildPhase section */
		CEAF376123E291B800E3C238 /* Frameworks */ = {
			isa = PBXFrameworksBuildPhase;
			buildActionMask = 2147483647;
			files = (
				CE08BA1624328F97003A02FD /* LocalAuthentication.framework in Frameworks */,
				CEFFB8ED4727A5125C0CA707 /* Pods_lowkeysavage2.framework in Frameworks */,
			);
			runOnlyForDeploymentPostprocessing = 0;
		};
		CEAF377723E291BB00E3C238 /* Frameworks */ = {
			isa = PBXFrameworksBuildPhase;
			buildActionMask = 2147483647;
			files = (
			);
			runOnlyForDeploymentPostprocessing = 0;
		};
		CEAF378223E291BB00E3C238 /* Frameworks */ = {
			isa = PBXFrameworksBuildPhase;
			buildActionMask = 2147483647;
			files = (
			);
			runOnlyForDeploymentPostprocessing = 0;
		};
/* End PBXFrameworksBuildPhase section */

/* Begin PBXGroup section */
		39F7D207F99BB42AB01D558D /* Frameworks */ = {
			isa = PBXGroup;
			children = (
				CE08BA1524328F97003A02FD /* LocalAuthentication.framework */,
				AF531710321A20FC2045E414 /* Pods_lowkeysavage2.framework */,
			);
			name = Frameworks;
			sourceTree = "<group>";
		};
		95EAB79B6CF455A00383F3D1 /* Pods */ = {
			isa = PBXGroup;
			children = (
				15415150EDC9F33E5AA0CDD5 /* Pods-lowkeysavage2.debug.xcconfig */,
				28154212E198E7319131E9B8 /* Pods-lowkeysavage2.release.xcconfig */,
			);
			path = Pods;
			sourceTree = "<group>";
		};
		CE7E3467243A7258002F33D6 /* View Controllers */ = {
			isa = PBXGroup;
			children = (
				CEAF376B23E291B800E3C238 /* ViewController.swift */,
				CE08BA1724397012003A02FD /* adminWebViewController.swift */,
				CED395C2242130B1004856A0 /* ARViewController.swift */,
				CE7E3465243A6F75002F33D6 /* videoPlayerViewController.swift */,
				CEAF379923E29EDC00E3C238 /* TabBarController.swift */,
				CE08BA1324328A50003A02FD /* LoginViewController.swift */,
				CE08BA19243982F7003A02FD /* welcomeViewController.swift */,
			);
			path = "View Controllers";
			sourceTree = "<group>";
		};
		CE7E3468243A7279002F33D6 /* Pictures & Videos */ = {
			isa = PBXGroup;
			children = (
				CE7E3469244792CE002F33D6 /* updatedpromovideol$.mov */,
				CE5B0EF5244969F200908148 /* applogopic.png */,
				CE41D572242E64D0006FEBF1 /* headerlogotransparent.png */,
				CE5B0EF7244A452900908148 /* applogotransparent.png */,
				CE08BA0F2432771A003A02FD /* applogotransparent2.png */,
			);
			path = "Pictures & Videos";
			sourceTree = "<group>";
		};
		CEAF375B23E291B800E3C238 = {
			isa = PBXGroup;
			children = (
				CEAF376623E291B800E3C238 /* lowkeysavage2 */,
				CEAF377D23E291BB00E3C238 /* lowkeysavage2Tests */,
				CEAF378823E291BB00E3C238 /* lowkeysavage2UITests */,
				CEAF376523E291B800E3C238 /* Products */,
				95EAB79B6CF455A00383F3D1 /* Pods */,
				39F7D207F99BB42AB01D558D /* Frameworks */,
			);
			sourceTree = "<group>";
		};
		CEAF376523E291B800E3C238 /* Products */ = {
			isa = PBXGroup;
			children = (
				CEAF376423E291B800E3C238 /* l0wkey savage.app */,
				CEAF377A23E291BB00E3C238 /* lowkeysavage2Tests.xctest */,
				CEAF378523E291BB00E3C238 /* lowkeysavage2UITests.xctest */,
			);
			name = Products;
			sourceTree = "<group>";
		};
		CEAF376623E291B800E3C238 /* lowkeysavage2 */ = {
			isa = PBXGroup;
			children = (
				CEAF376723E291B800E3C238 /* AppDelegate.swift */,
				CEAF376923E291B800E3C238 /* SceneDelegate.swift */,
				CE7E3467243A7258002F33D6 /* View Controllers */,
				CEAF376D23E291B800E3C238 /* Main.storyboard */,
				CEAF377223E291BA00E3C238 /* LaunchScreen.storyboard */,
				CEAF377023E291BA00E3C238 /* Assets.xcassets */,
				CE7E3468243A7279002F33D6 /* Pictures & Videos */,
				CE08BA0D24327266003A02FD /* GoogleService-Info.plist */,
				CEAF377523E291BA00E3C238 /* Info.plist */,
			);
			path = lowkeysavage2;
			sourceTree = "<group>";
		};
		CEAF377D23E291BB00E3C238 /* lowkeysavage2Tests */ = {
			isa = PBXGroup;
			children = (
				CEAF377E23E291BB00E3C238 /* lowkeysavage2Tests.swift */,
				CEAF378023E291BB00E3C238 /* Info.plist */,
			);
			path = lowkeysavage2Tests;
			sourceTree = "<group>";
		};
		CEAF378823E291BB00E3C238 /* lowkeysavage2UITests */ = {
			isa = PBXGroup;
			children = (
				CEAF378923E291BB00E3C238 /* lowkeysavage2UITests.swift */,
				CEAF378B23E291BB00E3C238 /* Info.plist */,
			);
			path = lowkeysavage2UITests;
			sourceTree = "<group>";
		};
/* End PBXGroup section */

/* Begin PBXNativeTarget section */
		CEAF376323E291B800E3C238 /* lowkeysavage2 */ = {
			isa = PBXNativeTarget;
			buildConfigurationList = CEAF378E23E291BB00E3C238 /* Build configuration list for PBXNativeTarget "lowkeysavage2" */;
			buildPhases = (
				5B5BB9039491CB6A5C40C620 /* [CP] Check Pods Manifest.lock */,
				CEAF376023E291B800E3C238 /* Sources */,
				CEAF376123E291B800E3C238 /* Frameworks */,
				CEAF376223E291B800E3C238 /* Resources */,
				60A96EC794EBE12D474022B0 /* [CP] Embed Pods Frameworks */,
			);
			buildRules = (
			);
			dependencies = (
			);
			name = lowkeysavage2;
			productName = lowkeysavage2;
			productReference = CEAF376423E291B800E3C238 /* l0wkey savage.app */;
			productType = "com.apple.product-type.application";
		};
		CEAF377923E291BB00E3C238 /* lowkeysavage2Tests */ = {
			isa = PBXNativeTarget;
			buildConfigurationList = CEAF379123E291BB00E3C238 /* Build configuration list for PBXNativeTarget "lowkeysavage2Tests" */;
			buildPhases = (
				CEAF377623E291BB00E3C238 /* Sources */,
				CEAF377723E291BB00E3C238 /* Frameworks */,
				CEAF377823E291BB00E3C238 /* Resources */,
			);
			buildRules = (
			);
			dependencies = (
				CEAF377C23E291BB00E3C238 /* PBXTargetDependency */,
			);
			name = lowkeysavage2Tests;
			productName = lowkeysavage2Tests;
			productReference = CEAF377A23E291BB00E3C238 /* lowkeysavage2Tests.xctest */;
			productType = "com.apple.product-type.bundle.unit-test";
		};
		CEAF378423E291BB00E3C238 /* lowkeysavage2UITests */ = {
			isa = PBXNativeTarget;
			buildConfigurationList = CEAF379423E291BB00E3C238 /* Build configuration list for PBXNativeTarget "lowkeysavage2UITests" */;
			buildPhases = (
				CEAF378123E291BB00E3C238 /* Sources */,
				CEAF378223E291BB00E3C238 /* Frameworks */,
				CEAF378323E291BB00E3C238 /* Resources */,
			);
			buildRules = (
			);
			dependencies = (
				CEAF378723E291BB00E3C238 /* PBXTargetDependency */,
			);
			name = lowkeysavage2UITests;
			productName = lowkeysavage2UITests;
			productReference = CEAF378523E291BB00E3C238 /* lowkeysavage2UITests.xctest */;
			productType = "com.apple.product-type.bundle.ui-testing";
		};
/* End PBXNativeTarget section */

/* Begin PBXProject section */
		CEAF375C23E291B800E3C238 /* Project object */ = {
			isa = PBXProject;
			attributes = {
				LastSwiftUpdateCheck = 1130;
				LastUpgradeCheck = 1130;
				ORGANIZATIONNAME = User;
				TargetAttributes = {
					CEAF376323E291B800E3C238 = {
						CreatedOnToolsVersion = 11.3.1;
					};
					CEAF377923E291BB00E3C238 = {
						CreatedOnToolsVersion = 11.3.1;
						TestTargetID = CEAF376323E291B800E3C238;
					};
					CEAF378423E291BB00E3C238 = {
						CreatedOnToolsVersion = 11.3.1;
						TestTargetID = CEAF376323E291B800E3C238;
					};
				};
			};
			buildConfigurationList = CEAF375F23E291B800E3C238 /* Build configuration list for PBXProject "lowkeysavage2" */;
			compatibilityVersion = "Xcode 9.3";
			developmentRegion = en;
			hasScannedForEncodings = 0;
			knownRegions = (
				en,
				Base,
			);
			mainGroup = CEAF375B23E291B800E3C238;
			productRefGroup = CEAF376523E291B800E3C238 /* Products */;
			projectDirPath = "";
			projectRoot = "";
			targets = (
				CEAF376323E291B800E3C238 /* lowkeysavage2 */,
				CEAF377923E291BB00E3C238 /* lowkeysavage2Tests */,
				CEAF378423E291BB00E3C238 /* lowkeysavage2UITests */,
			);
		};
/* End PBXProject section */

/* Begin PBXResourcesBuildPhase section */
		CEAF376223E291B800E3C238 /* Resources */ = {
			isa = PBXResourcesBuildPhase;
			buildActionMask = 2147483647;
			files = (
				CE7E346A244792CF002F33D6 /* updatedpromovideol$.mov in Resources */,
				CE5B0EF8244A452900908148 /* applogotransparent.png in Resources */,
				CE08BA102432771A003A02FD /* applogotransparent2.png in Resources */,
				CE41D573242E64D0006FEBF1 /* headerlogotransparent.png in Resources */,
				CE08BA0E24327266003A02FD /* GoogleService-Info.plist in Resources */,
				CEAF377423E291BA00E3C238 /* LaunchScreen.storyboard in Resources */,
				CEAF377123E291BA00E3C238 /* Assets.xcassets in Resources */,
				CEAF376F23E291B800E3C238 /* Main.storyboard in Resources */,
				CE5B0EF6244969F200908148 /* applogopic.png in Resources */,
			);
			runOnlyForDeploymentPostprocessing = 0;
		};
		CEAF377823E291BB00E3C238 /* Resources */ = {
			isa = PBXResourcesBuildPhase;
			buildActionMask = 2147483647;
			files = (
			);
			runOnlyForDeploymentPostprocessing = 0;
		};
		CEAF378323E291BB00E3C238 /* Resources */ = {
			isa = PBXResourcesBuildPhase;
			buildActionMask = 2147483647;
			files = (
			);
			runOnlyForDeploymentPostprocessing = 0;
		};
/* End PBXResourcesBuildPhase section */

/* Begin PBXShellScriptBuildPhase section */
		5B5BB9039491CB6A5C40C620 /* [CP] Check Pods Manifest.lock */ = {
			isa = PBXShellScriptBuildPhase;
			buildActionMask = 2147483647;
			files = (
			);
			inputFileListPaths = (
			);
			inputPaths = (
				"${PODS_PODFILE_DIR_PATH}/Podfile.lock",
				"${PODS_ROOT}/Manifest.lock",
			);
			name = "[CP] Check Pods Manifest.lock";
			outputFileListPaths = (
			);
			outputPaths = (
				"$(DERIVED_FILE_DIR)/Pods-lowkeysavage2-checkManifestLockResult.txt",
			);
			runOnlyForDeploymentPostprocessing = 0;
			shellPath = /bin/sh;
			shellScript = "diff \"${PODS_PODFILE_DIR_PATH}/Podfile.lock\" \"${PODS_ROOT}/Manifest.lock\" > /dev/null\nif [ $? != 0 ] ; then\n    # print error to STDERR\n    echo \"error: The sandbox is not in sync with the Podfile.lock. Run 'pod install' or update your CocoaPods installation.\" >&2\n    exit 1\nfi\n# This output is used by Xcode 'outputs' to avoid re-running this script phase.\necho \"SUCCESS\" > \"${SCRIPT_OUTPUT_FILE_0}\"\n";
			showEnvVarsInLog = 0;
		};
		60A96EC794EBE12D474022B0 /* [CP] Embed Pods Frameworks */ = {
			isa = PBXShellScriptBuildPhase;
			buildActionMask = 2147483647;
			files = (
			);
			inputFileListPaths = (
				"${PODS_ROOT}/Target Support Files/Pods-lowkeysavage2/Pods-lowkeysavage2-frameworks-${CONFIGURATION}-input-files.xcfilelist",
			);
			name = "[CP] Embed Pods Frameworks";
			outputFileListPaths = (
				"${PODS_ROOT}/Target Support Files/Pods-lowkeysavage2/Pods-lowkeysavage2-frameworks-${CONFIGURATION}-output-files.xcfilelist",
			);
			runOnlyForDeploymentPostprocessing = 0;
			shellPath = /bin/sh;
			shellScript = "\"${PODS_ROOT}/Target Support Files/Pods-lowkeysavage2/Pods-lowkeysavage2-frameworks.sh\"\n";
			showEnvVarsInLog = 0;
		};
/* End PBXShellScriptBuildPhase section */

/* Begin PBXSourcesBuildPhase section */
		CEAF376023E291B800E3C238 /* Sources */ = {
			isa = PBXSourcesBuildPhase;
			buildActionMask = 2147483647;
			files = (
				CE7E3466243A6F75002F33D6 /* videoPlayerViewController.swift in Sources */,
				CE08BA1424328A50003A02FD /* LoginViewController.swift in Sources */,
				CE08BA1A243982F7003A02FD /* welcomeViewController.swift in Sources */,
				CEAF376C23E291B800E3C238 /* ViewController.swift in Sources */,
				CEAF376823E291B800E3C238 /* AppDelegate.swift in Sources */,
				CEAF376A23E291B800E3C238 /* SceneDelegate.swift in Sources */,
				CED395C3242130B1004856A0 /* ARViewController.swift in Sources */,
				CE08BA1824397012003A02FD /* adminWebViewController.swift in Sources */,
				CEAF379A23E29EDC00E3C238 /* TabBarController.swift in Sources */,
			);
			runOnlyForDeploymentPostprocessing = 0;
		};
		CEAF377623E291BB00E3C238 /* Sources */ = {
			isa = PBXSourcesBuildPhase;
			buildActionMask = 2147483647;
			files = (
				CEAF377F23E291BB00E3C238 /* lowkeysavage2Tests.swift in Sources */,
			);
			runOnlyForDeploymentPostprocessing = 0;
		};
		CEAF378123E291BB00E3C238 /* Sources */ = {
			isa = PBXSourcesBuildPhase;
			buildActionMask = 2147483647;
			files = (
				CEAF378A23E291BB00E3C238 /* lowkeysavage2UITests.swift in Sources */,
			);
			runOnlyForDeploymentPostprocessing = 0;
		};
/* End PBXSourcesBuildPhase section */

/* Begin PBXTargetDependency section */
		CEAF377C23E291BB00E3C238 /* PBXTargetDependency */ = {
			isa = PBXTargetDependency;
			target = CEAF376323E291B800E3C238 /* lowkeysavage2 */;
			targetProxy = CEAF377B23E291BB00E3C238 /* PBXContainerItemProxy */;
		};
		CEAF378723E291BB00E3C238 /* PBXTargetDependency */ = {
			isa = PBXTargetDependency;
			target = CEAF376323E291B800E3C238 /* lowkeysavage2 */;
			targetProxy = CEAF378623E291BB00E3C238 /* PBXContainerItemProxy */;
		};
/* End PBXTargetDependency section */

/* Begin PBXVariantGroup section */
		CEAF376D23E291B800E3C238 /* Main.storyboard */ = {
			isa = PBXVariantGroup;
			children = (
				CEAF376E23E291B800E3C238 /* Base */,
			);
			name = Main.storyboard;
			sourceTree = "<group>";
		};
		CEAF377223E291BA00E3C238 /* LaunchScreen.storyboard */ = {
			isa = PBXVariantGroup;
			children = (
				CEAF377323E291BA00E3C238 /* Base */,
			);
			name = LaunchScreen.storyboard;
			sourceTree = "<group>";
		};
/* End PBXVariantGroup section */

/* Begin XCBuildConfiguration section */
		CEAF378C23E291BB00E3C238 /* Debug */ = {
			isa = XCBuildConfiguration;
			buildSettings = {
				ALWAYS_SEARCH_USER_PATHS = NO;
				CLANG_ANALYZER_NONNULL = YES;
				CLANG_ANALYZER_NUMBER_OBJECT_CONVERSION = YES_AGGRESSIVE;
				CLANG_CXX_LANGUAGE_STANDARD = "gnu++14";
				CLANG_CXX_LIBRARY = "libc++";
				CLANG_ENABLE_MODULES = YES;
				CLANG_ENABLE_OBJC_ARC = YES;
				CLANG_ENABLE_OBJC_WEAK = YES;
				CLANG_WARN_BLOCK_CAPTURE_AUTORELEASING = YES;
				CLANG_WARN_BOOL_CONVERSION = YES;
				CLANG_WARN_COMMA = YES;
				CLANG_WARN_CONSTANT_CONVERSION = YES;
				CLANG_WARN_DEPRECATED_OBJC_IMPLEMENTATIONS = YES;
				CLANG_WARN_DIRECT_OBJC_ISA_USAGE = YES_ERROR;
				CLANG_WARN_DOCUMENTATION_COMMENTS = YES;
				CLANG_WARN_EMPTY_BODY = YES;
				CLANG_WARN_ENUM_CONVERSION = YES;
				CLANG_WARN_INFINITE_RECURSION = YES;
				CLANG_WARN_INT_CONVERSION = YES;
				CLANG_WARN_NON_LITERAL_NULL_CONVERSION = YES;
				CLANG_WARN_OBJC_IMPLICIT_RETAIN_SELF = YES;
				CLANG_WARN_OBJC_LITERAL_CONVERSION = YES;
				CLANG_WARN_OBJC_ROOT_CLASS = YES_ERROR;
				CLANG_WARN_RANGE_LOOP_ANALYSIS = YES;
				CLANG_WARN_STRICT_PROTOTYPES = YES;
				CLANG_WARN_SUSPICIOUS_MOVE = YES;
				CLANG_WARN_UNGUARDED_AVAILABILITY = YES_AGGRESSIVE;
				CLANG_WARN_UNREACHABLE_CODE = YES;
				CLANG_WARN__DUPLICATE_METHOD_MATCH = YES;
				COPY_PHASE_STRIP = NO;
				DEBUG_INFORMATION_FORMAT = dwarf;
				ENABLE_STRICT_OBJC_MSGSEND = YES;
				ENABLE_TESTABILITY = YES;
				GCC_C_LANGUAGE_STANDARD = gnu11;
				GCC_DYNAMIC_NO_PIC = NO;
				GCC_NO_COMMON_BLOCKS = YES;
				GCC_OPTIMIZATION_LEVEL = 0;
				GCC_PREPROCESSOR_DEFINITIONS = (
					"DEBUG=1",
					"$(inherited)",
				);
				GCC_WARN_64_TO_32_BIT_CONVERSION = YES;
				GCC_WARN_ABOUT_RETURN_TYPE = YES_ERROR;
				GCC_WARN_UNDECLARED_SELECTOR = YES;
				GCC_WARN_UNINITIALIZED_AUTOS = YES_AGGRESSIVE;
				GCC_WARN_UNUSED_FUNCTION = YES;
				GCC_WARN_UNUSED_VARIABLE = YES;
				IPHONEOS_DEPLOYMENT_TARGET = 13.2;
				MTL_ENABLE_DEBUG_INFO = INCLUDE_SOURCE;
				MTL_FAST_MATH = YES;
				ONLY_ACTIVE_ARCH = YES;
				SDKROOT = iphoneos;
				SWIFT_ACTIVE_COMPILATION_CONDITIONS = DEBUG;
				SWIFT_OPTIMIZATION_LEVEL = "-Onone";
			};
			name = Debug;
		};
		CEAF378D23E291BB00E3C238 /* Release */ = {
			isa = XCBuildConfiguration;
			buildSettings = {
				ALWAYS_SEARCH_USER_PATHS = NO;
				CLANG_ANALYZER_NONNULL = YES;
				CLANG_ANALYZER_NUMBER_OBJECT_CONVERSION = YES_AGGRESSIVE;
				CLANG_CXX_LANGUAGE_STANDARD = "gnu++14";
				CLANG_CXX_LIBRARY = "libc++";
				CLANG_ENABLE_MODULES = YES;
				CLANG_ENABLE_OBJC_ARC = YES;
				CLANG_ENABLE_OBJC_WEAK = YES;
				CLANG_WARN_BLOCK_CAPTURE_AUTORELEASING = YES;
				CLANG_WARN_BOOL_CONVERSION = YES;
				CLANG_WARN_COMMA = YES;
				CLANG_WARN_CONSTANT_CONVERSION = YES;
				CLANG_WARN_DEPRECATED_OBJC_IMPLEMENTATIONS = YES;
				CLANG_WARN_DIRECT_OBJC_ISA_USAGE = YES_ERROR;
				CLANG_WARN_DOCUMENTATION_COMMENTS = YES;
				CLANG_WARN_EMPTY_BODY = YES;
				CLANG_WARN_ENUM_CONVERSION = YES;
				CLANG_WARN_INFINITE_RECURSION = YES;
				CLANG_WARN_INT_CONVERSION = YES;
				CLANG_WARN_NON_LITERAL_NULL_CONVERSION = YES;
				CLANG_WARN_OBJC_IMPLICIT_RETAIN_SELF = YES;
				CLANG_WARN_OBJC_LITERAL_CONVERSION = YES;
				CLANG_WARN_OBJC_ROOT_CLASS = YES_ERROR;
				CLANG_WARN_RANGE_LOOP_ANALYSIS = YES;
				CLANG_WARN_STRICT_PROTOTYPES = YES;
				CLANG_WARN_SUSPICIOUS_MOVE = YES;
				CLANG_WARN_UNGUARDED_AVAILABILITY = YES_AGGRESSIVE;
				CLANG_WARN_UNREACHABLE_CODE = YES;
				CLANG_WARN__DUPLICATE_METHOD_MATCH = YES;
				COPY_PHASE_STRIP = NO;
				DEBUG_INFORMATION_FORMAT = "dwarf-with-dsym";
				ENABLE_NS_ASSERTIONS = NO;
				ENABLE_STRICT_OBJC_MSGSEND = YES;
				GCC_C_LANGUAGE_STANDARD = gnu11;
				GCC_NO_COMMON_BLOCKS = YES;
				GCC_WARN_64_TO_32_BIT_CONVERSION = YES;
				GCC_WARN_ABOUT_RETURN_TYPE = YES_ERROR;
				GCC_WARN_UNDECLARED_SELECTOR = YES;
				GCC_WARN_UNINITIALIZED_AUTOS = YES_AGGRESSIVE;
				GCC_WARN_UNUSED_FUNCTION = YES;
				GCC_WARN_UNUSED_VARIABLE = YES;
				IPHONEOS_DEPLOYMENT_TARGET = 13.2;
				MTL_ENABLE_DEBUG_INFO = NO;
				MTL_FAST_MATH = YES;
				SDKROOT = iphoneos;
				SWIFT_COMPILATION_MODE = wholemodule;
				SWIFT_OPTIMIZATION_LEVEL = "-O";
				VALIDATE_PRODUCT = YES;
			};
			name = Release;
		};
		CEAF378F23E291BB00E3C238 /* Debug */ = {
			isa = XCBuildConfiguration;
			baseConfigurationReference = 15415150EDC9F33E5AA0CDD5 /* Pods-lowkeysavage2.debug.xcconfig */;
			buildSettings = {
				ASSETCATALOG_COMPILER_APPICON_NAME = AppIcon;
				CODE_SIGN_STYLE = Automatic;
				DEVELOPMENT_TEAM = JFZU5X4BKS;
				INFOPLIST_FILE = lowkeysavage2/Info.plist;
				IPHONEOS_DEPLOYMENT_TARGET = 13.1;
				LD_RUNPATH_SEARCH_PATHS = (
					"$(inherited)",
					"@executable_path/Frameworks",
				);
				PRODUCT_BUNDLE_IDENTIFIER = com.latejahwhittaker.lowkeysavage2;
				PRODUCT_NAME = "l0wkey savage";
				SWIFT_VERSION = 5.0;
				TARGETED_DEVICE_FAMILY = "1,2";
			};
			name = Debug;
		};
		CEAF379023E291BB00E3C238 /* Release */ = {
			isa = XCBuildConfiguration;
			baseConfigurationReference = 28154212E198E7319131E9B8 /* Pods-lowkeysavage2.release.xcconfig */;
			buildSettings = {
				ASSETCATALOG_COMPILER_APPICON_NAME = AppIcon;
				CODE_SIGN_STYLE = Automatic;
				DEVELOPMENT_TEAM = JFZU5X4BKS;
				INFOPLIST_FILE = lowkeysavage2/Info.plist;
				IPHONEOS_DEPLOYMENT_TARGET = 13.1;
				LD_RUNPATH_SEARCH_PATHS = (
					"$(inherited)",
					"@executable_path/Frameworks",
				);
				PRODUCT_BUNDLE_IDENTIFIER = com.latejahwhittaker.lowkeysavage2;
				PRODUCT_NAME = "l0wkey savage";
				SWIFT_VERSION = 5.0;
				TARGETED_DEVICE_FAMILY = "1,2";
			};
			name = Release;
		};
		CEAF379223E291BB00E3C238 /* Debug */ = {
			isa = XCBuildConfiguration;
			buildSettings = {
				ALWAYS_EMBED_SWIFT_STANDARD_LIBRARIES = YES;
				BUNDLE_LOADER = "$(TEST_HOST)";
				CODE_SIGN_STYLE = Automatic;
				DEVELOPMENT_TEAM = JFZU5X4BKS;
				INFOPLIST_FILE = lowkeysavage2Tests/Info.plist;
				IPHONEOS_DEPLOYMENT_TARGET = 13.2;
				LD_RUNPATH_SEARCH_PATHS = (
					"$(inherited)",
					"@executable_path/Frameworks",
					"@loader_path/Frameworks",
				);
				PRODUCT_BUNDLE_IDENTIFIER = com.latejahmyrtlewhittaker.lowkeysavage2Tests;
				PRODUCT_NAME = "$(TARGET_NAME)";
				SWIFT_VERSION = 5.0;
				TARGETED_DEVICE_FAMILY = "1,2";
				TEST_HOST = "$(BUILT_PRODUCTS_DIR)/lowkeysavage2.app/lowkeysavage2";
			};
			name = Debug;
		};
		CEAF379323E291BB00E3C238 /* Release */ = {
			isa = XCBuildConfiguration;
			buildSettings = {
				ALWAYS_EMBED_SWIFT_STANDARD_LIBRARIES = YES;
				BUNDLE_LOADER = "$(TEST_HOST)";
				CODE_SIGN_STYLE = Automatic;
				DEVELOPMENT_TEAM = JFZU5X4BKS;
				INFOPLIST_FILE = lowkeysavage2Tests/Info.plist;
				IPHONEOS_DEPLOYMENT_TARGET = 13.2;
				LD_RUNPATH_SEARCH_PATHS = (
					"$(inherited)",
					"@executable_path/Frameworks",
					"@loader_path/Frameworks",
				);
				PRODUCT_BUNDLE_IDENTIFIER = com.latejahmyrtlewhittaker.lowkeysavage2Tests;
				PRODUCT_NAME = "$(TARGET_NAME)";
				SWIFT_VERSION = 5.0;
				TARGETED_DEVICE_FAMILY = "1,2";
				TEST_HOST = "$(BUILT_PRODUCTS_DIR)/lowkeysavage2.app/lowkeysavage2";
			};
			name = Release;
		};
		CEAF379523E291BB00E3C238 /* Debug */ = {
			isa = XCBuildConfiguration;
			buildSettings = {
				ALWAYS_EMBED_SWIFT_STANDARD_LIBRARIES = YES;
				CODE_SIGN_STYLE = Automatic;
				DEVELOPMENT_TEAM = JFZU5X4BKS;
				INFOPLIST_FILE = lowkeysavage2UITests/Info.plist;
				LD_RUNPATH_SEARCH_PATHS = (
					"$(inherited)",
					"@executable_path/Frameworks",
					"@loader_path/Frameworks",
				);
				PRODUCT_BUNDLE_IDENTIFIER = com.latejahmyrtlewhittaker.lowkeysavage2UITests;
				PRODUCT_NAME = "$(TARGET_NAME)";
				SWIFT_VERSION = 5.0;
				TARGETED_DEVICE_FAMILY = "1,2";
				TEST_TARGET_NAME = lowkeysavage2;
			};
			name = Debug;
		};
		CEAF379623E291BB00E3C238 /* Release */ = {
			isa = XCBuildConfiguration;
			buildSettings = {
				ALWAYS_EMBED_SWIFT_STANDARD_LIBRARIES = YES;
				CODE_SIGN_STYLE = Automatic;
				DEVELOPMENT_TEAM = JFZU5X4BKS;
				INFOPLIST_FILE = lowkeysavage2UITests/Info.plist;
				LD_RUNPATH_SEARCH_PATHS = (
					"$(inherited)",
					"@executable_path/Frameworks",
					"@loader_path/Frameworks",
				);
				PRODUCT_BUNDLE_IDENTIFIER = com.latejahmyrtlewhittaker.lowkeysavage2UITests;
				PRODUCT_NAME = "$(TARGET_NAME)";
				SWIFT_VERSION = 5.0;
				TARGETED_DEVICE_FAMILY = "1,2";
				TEST_TARGET_NAME = lowkeysavage2;
			};
			name = Release;
		};
/* End XCBuildConfiguration section */

/* Begin XCConfigurationList section */
		CEAF375F23E291B800E3C238 /* Build configuration list for PBXProject "lowkeysavage2" */ = {
			isa = XCConfigurationList;
			buildConfigurations = (
				CEAF378C23E291BB00E3C238 /* Debug */,
				CEAF378D23E291BB00E3C238 /* Release */,
			);
			defaultConfigurationIsVisible = 0;
			defaultConfigurationName = Release;
		};
		CEAF378E23E291BB00E3C238 /* Build configuration list for PBXNativeTarget "lowkeysavage2" */ = {
			isa = XCConfigurationList;
			buildConfigurations = (
				CEAF378F23E291BB00E3C238 /* Debug */,
				CEAF379023E291BB00E3C238 /* Release */,
			);
			defaultConfigurationIsVisible = 0;
			defaultConfigurationName = Release;
		};
		CEAF379123E291BB00E3C238 /* Build configuration list for PBXNativeTarget "lowkeysavage2Tests" */ = {
			isa = XCConfigurationList;
			buildConfigurations = (
				CEAF379223E291BB00E3C238 /* Debug */,
				CEAF379323E291BB00E3C238 /* Release */,
			);
			defaultConfigurationIsVisible = 0;
			defaultConfigurationName = Release;
		};
		CEAF379423E291BB00E3C238 /* Build configuration list for PBXNativeTarget "lowkeysavage2UITests" */ = {
			isa = XCConfigurationList;
			buildConfigurations = (
				CEAF379523E291BB00E3C238 /* Debug */,
				CEAF379623E291BB00E3C238 /* Release */,
			);
			defaultConfigurationIsVisible = 0;
			defaultConfigurationName = Release;
		};
/* End XCConfigurationList section */
	};
	rootObject = CEAF375C23E291B800E3C238 /* Project object */;
}
